
Microsoft Visual Studio Solution File, Format Version 12.00
# Visual Studio Version 16
VisualStudioVersion = 16.0.31605.320
MinimumVisualStudioVersion = 10.0.40219.1
Project("{FAE04EC0-301F-11D3-BF4B-00C04F79EFBC}") = "quiz2", "quiz2.csproj", "{9B7C5306-01BF-4891-9E4F-8608EA7B47D2}"
EndProject
Global
	GlobalSection(SolutionConfigurationPlatforms) = preSolution
		Debug|Any CPU = Debug|Any CPU
		Release|Any CPU = Release|Any CPU
	EndGlobalSection
	GlobalSection(ProjectConfigurationPlatforms) = postSolution
		{9B7C5306-01BF-4891-9E4F-8608EA7B47D2}.Debug|Any CPU.ActiveCfg = Debug|Any CPU
		{9B7C5306-01BF-4891-9E4F-8608EA7B47D2}.Debug|Any CPU.Build.0 = Debug|Any CPU
		{9B7C5306-01BF-4891-9E4F-8608EA7B47D2}.Release|Any CPU.ActiveCfg = Release|Any CPU
		{9B7C5306-01BF-4891-9E4F-8608EA7B47D2}.Release|Any CPU.Build.0 = Release|Any CPU
	EndGlobalSection
	GlobalSection(SolutionProperties) = preSolution
		HideSolutionNode = FALSE
	EndGlobalSection
	GlobalSection(ExtensibilityGlobals) = postSolution
		SolutionGuid = {F5A84D89-7FCB-4D9D-AF3F-BAC4DBF319B5}
	EndGlobalSection
EndGlobal
